
Microsoft Visual Studio Solution File, Format Version 12.00
# Visual Studio Version 17
VisualStudioVersion = 17.11.35327.3
MinimumVisualStudioVersion = 10.0.40219.1
Project("{FAE04EC0-301F-11D3-BF4B-00C04F79EFBC}") = "ClientSample", "ClientSample\ClientSample.csproj", "{08D73755-3AAF-4A35-BFE1-5FA784404800}"
EndProject
Project("{FAE04EC0-301F-11D3-BF4B-00C04F79EFBC}") = "ServerSample", "ServerSample\ServerSample.csproj", "{86F13D2B-4ADA-49CC-AB83-2442ABAD9C03}"
EndProject
Project("{FAE04EC0-301F-11D3-BF4B-00C04F79EFBC}") = "CommLib", "CommLib\CommLib.csproj", "{499FF7AD-45D3-4653-B6F7-3EC644B3F59F}"
EndProject
Project("{FAE04EC0-301F-11D3-BF4B-00C04F79EFBC}") = "Device1", "Device1\Device1.csproj", "{07BA20FA-3D1F-4EF4-9C77-2489D321CDFE}"
EndProject
Project("{FAE04EC0-301F-11D3-BF4B-00C04F79EFBC}") = "Device2", "Device2\Device2.csproj", "{472DD480-BC8F-4582-9672-8D53366FF487}"
EndProject
Global
	GlobalSection(SolutionConfigurationPlatforms) = preSolution
		Debug|Any CPU = Debug|Any CPU
		Release|Any CPU = Release|Any CPU
	EndGlobalSection
	GlobalSection(ProjectConfigurationPlatforms) = postSolution
		{08D73755-3AAF-4A35-BFE1-5FA784404800}.Debug|Any CPU.ActiveCfg = Debug|Any CPU
		{08D73755-3AAF-4A35-BFE1-5FA784404800}.Debug|Any CPU.Build.0 = Debug|Any CPU
		{08D73755-3AAF-4A35-BFE1-5FA784404800}.Release|Any CPU.ActiveCfg = Release|Any CPU
		{08D73755-3AAF-4A35-BFE1-5FA784404800}.Release|Any CPU.Build.0 = Release|Any CPU
		{86F13D2B-4ADA-49CC-AB83-2442ABAD9C03}.Debug|Any CPU.ActiveCfg = Debug|Any CPU
		{86F13D2B-4ADA-49CC-AB83-2442ABAD9C03}.Debug|Any CPU.Build.0 = Debug|Any CPU
		{86F13D2B-4ADA-49CC-AB83-2442ABAD9C03}.Release|Any CPU.ActiveCfg = Release|Any CPU
		{86F13D2B-4ADA-49CC-AB83-2442ABAD9C03}.Release|Any CPU.Build.0 = Release|Any CPU
		{499FF7AD-45D3-4653-B6F7-3EC644B3F59F}.Debug|Any CPU.ActiveCfg = Debug|Any CPU
		{499FF7AD-45D3-4653-B6F7-3EC644B3F59F}.Debug|Any CPU.Build.0 = Debug|Any CPU
		{499FF7AD-45D3-4653-B6F7-3EC644B3F59F}.Release|Any CPU.ActiveCfg = Release|Any CPU
		{499FF7AD-45D3-4653-B6F7-3EC644B3F59F}.Release|Any CPU.Build.0 = Release|Any CPU
		{07BA20FA-3D1F-4EF4-9C77-2489D321CDFE}.Debug|Any CPU.ActiveCfg = Debug|Any CPU
		{07BA20FA-3D1F-4EF4-9C77-2489D321CDFE}.Debug|Any CPU.Build.0 = Debug|Any CPU
		{07BA20FA-3D1F-4EF4-9C77-2489D321CDFE}.Release|Any CPU.ActiveCfg = Release|Any CPU
		{07BA20FA-3D1F-4EF4-9C77-2489D321CDFE}.Release|Any CPU.Build.0 = Release|Any CPU
		{472DD480-BC8F-4582-9672-8D53366FF487}.Debug|Any CPU.ActiveCfg = Debug|Any CPU
		{472DD480-BC8F-4582-9672-8D53366FF487}.Debug|Any CPU.Build.0 = Debug|Any CPU
		{472DD480-BC8F-4582-9672-8D53366FF487}.Release|Any CPU.ActiveCfg = Release|Any CPU
		{472DD480-BC8F-4582-9672-8D53366FF487}.Release|Any CPU.Build.0 = Release|Any CPU
	EndGlobalSection
	GlobalSection(SolutionProperties) = preSolution
		HideSolutionNode = FALSE
	EndGlobalSection
	GlobalSection(ExtensibilityGlobals) = postSolution
		SolutionGuid = {438EE6C5-43CD-4B26-945E-93475ADC72DE}
	EndGlobalSection
EndGlobal
